{
  "object": {
    "pins": [
      {
        "package": "YandexMapsMobileWrapper",
        "repositoryURL": "https://github.com/Nyakit/YandexMapsMobileWrapper.git",
        "state": {
          "branch": null,
          "revision": "187c8be76edba0ef182fa7347a30c137666b7b9a",
          "version": "1.0.1"
        }
      }
    ]
  },
  "version": 1
}
