{
  "object": {
    "pins": [
      {
        "package": "YandexMapsMobileWrapper",
        "repositoryURL": "https://github.com/Nyakit/YandexMapsMobileWrapper.git",
        "state": {
          "branch": "main",
          "revision": "5a987a0b8a29e47fe61a69afc9a13c5a3a2416b6",
          "version": null
        }
      }
    ]
  },
  "version": 1
}
